Microsoft Visual Studio Solution File, Format Version 12.00
# Visual Studio Version 17
VisualStudioVersion = 17.5.2.0
MinimumVisualStudioVersion = 10.0.40219.1
Project("{FAE04EC0-301F-11D3-BF4B-00C04F79EFBC}") = "NumberGenerator", "NumberGenerator.csproj", "{1E058B51-BD14-0CD5-34DC-E33D10424379}"
EndProject
Global
	GlobalSection(SolutionConfigurationPlatforms) = preSolution
		Debug|Any CPU = Debug|Any CPU
		Release|Any CPU = Release|Any CPU
	EndGlobalSection
	GlobalSection(ProjectConfigurationPlatforms) = postSolution
		{1E058B51-BD14-0CD5-34DC-E33D10424379}.Debug|Any CPU.ActiveCfg = Debug|Any CPU
		{1E058B51-BD14-0CD5-34DC-E33D10424379}.Debug|Any CPU.Build.0 = Debug|Any CPU
		{1E058B51-BD14-0CD5-34DC-E33D10424379}.Release|Any CPU.ActiveCfg = Release|Any CPU
		{1E058B51-BD14-0CD5-34DC-E33D10424379}.Release|Any CPU.Build.0 = Release|Any CPU
	EndGlobalSection
	GlobalSection(SolutionProperties) = preSolution
		HideSolutionNode = FALSE
	EndGlobalSection
	GlobalSection(ExtensibilityGlobals) = postSolution
		SolutionGuid = {2335DE31-75DE-429B-8B5C-9EB38B03F92A}
	EndGlobalSection
EndGlobal
